
Microsoft Visual Studio Solution File, Format Version 12.00
# Visual Studio 15
VisualStudioVersion = 15.0.28307.960
MinimumVisualStudioVersion = 10.0.40219.1
Project("{FAE04EC0-301F-11D3-BF4B-00C04F79EFBC}") = "Week2-Tas2", "Week2-Tas2\Week2-Tas2.csproj", "{AEC1EAFF-FF16-4ABA-B7B9-0847581A3FBA}"
EndProject
Global
	GlobalSection(SolutionConfigurationPlatforms) = preSolution
		Debug|Any CPU = Debug|Any CPU
		Release|Any CPU = Release|Any CPU
	EndGlobalSection
	GlobalSection(ProjectConfigurationPlatforms) = postSolution
		{AEC1EAFF-FF16-4ABA-B7B9-0847581A3FBA}.Debug|Any CPU.ActiveCfg = Debug|Any CPU
		{AEC1EAFF-FF16-4ABA-B7B9-0847581A3FBA}.Debug|Any CPU.Build.0 = Debug|Any CPU
		{AEC1EAFF-FF16-4ABA-B7B9-0847581A3FBA}.Release|Any CPU.ActiveCfg = Release|Any CPU
		{AEC1EAFF-FF16-4ABA-B7B9-0847581A3FBA}.Release|Any CPU.Build.0 = Release|Any CPU
	EndGlobalSection
	GlobalSection(SolutionProperties) = preSolution
		HideSolutionNode = FALSE
	EndGlobalSection
	GlobalSection(ExtensibilityGlobals) = postSolution
		SolutionGuid = {6CFC64B3-07AC-4424-9F1C-1018F5B03B00}
	EndGlobalSection
EndGlobal
